
Microsoft Visual Studio Solution File, Format Version 12.00
# Visual Studio Version 17
VisualStudioVersion = 17.9.34723.18
MinimumVisualStudioVersion = 10.0.40219.1
Project("{9A19103F-16F7-4668-BE54-9A1E7A4F7556}") = "ZMHDotNetCore.ConsoleApp", "ZMHDotNetCore.ConsoleApp\ZMHDotNetCore.ConsoleApp.csproj", "{10841BC5-D7F4-4C44-A08A-D09DD89B1C35}"
EndProject
Project("{2150E333-8FDC-42A3-9474-1A3956D46DE8}") = "Documents", "Documents", "{AA287F5A-D7C5-4EF1-A74A-8F6556AD97A4}"
	ProjectSection(SolutionItems) = preProject
		DotNetTrainingBt4.sql = DotNetTrainingBt4.sql
		README.md = README.md
	EndProjectSection
EndProject
Project("{9A19103F-16F7-4668-BE54-9A1E7A4F7556}") = "ZMHDotNetCore.Shared", "ZMHDotNetCore.Shared\ZMHDotNetCore.Shared.csproj", "{EBA252E5-1A49-4D8C-AE31-92461D3222E2}"
EndProject
Project("{9A19103F-16F7-4668-BE54-9A1E7A4F7556}") = "ZMHDotNetCore.RestAPIWithNLayer", "ZMHDotNetCore.RestAPIWithNLayer\ZMHDotNetCore.RestAPIWithNLayer.csproj", "{625494AE-6C7F-4EBD-BB97-4F9B91CD673A}"
EndProject
Project("{9A19103F-16F7-4668-BE54-9A1E7A4F7556}") = "ZMHDotNetCore.ConsoleAppHttpClient", "ZMHDotNetCore.ConsoleAppHttpClient\ZMHDotNetCore.ConsoleAppHttpClient.csproj", "{FA0EF5EF-189C-4AA2-928A-464EDC251B51}"
EndProject
Project("{9A19103F-16F7-4668-BE54-9A1E7A4F7556}") = "ZMHDotNetCore.RestAPI", "ZMHDotNetCore.RestAPI\ZMHDotNetCore.RestAPI.csproj", "{0D6289F4-65C1-4EAB-B7D6-40AEC93FA3E6}"
EndProject
Project("{9A19103F-16F7-4668-BE54-9A1E7A4F7556}") = "ZMHDotNetCore.Myanmar_Months", "ZMHDotNetCore.Myanmar_Months\ZMHDotNetCore.Myanmar_Months.csproj", "{A937F036-1938-4CF0-9C1F-15029EBBD622}"
EndProject
Project("{9A19103F-16F7-4668-BE54-9A1E7A4F7556}") = "ZMHDotNetCore.ConsoleAppHttpClientExample", "ZMHDotNetCore.ConsoleAppHttpClientExample\ZMHDotNetCore.ConsoleAppHttpClientExample.csproj", "{B55EEE31-3E65-4140-AF36-D13626351B1C}"
EndProject
Project("{9A19103F-16F7-4668-BE54-9A1E7A4F7556}") = "ZMHDotNetCore.ConsoleAppRestClientExample", "ZMHDotNetCore.ConsoleAppRestClientExample\ZMHDotNetCore.ConsoleAppRestClientExample.csproj", "{8024754E-C037-46E8-A189-07B4712B1F26}"
EndProject
Project("{9A19103F-16F7-4668-BE54-9A1E7A4F7556}") = "ZMHDotNetCore.PizzaAPI", "ZMHDotNetCore.PizzaAPI\ZMHDotNetCore.PizzaAPI.csproj", "{0F3FB1C4-7617-4644-8DBE-15E3333F4936}"
EndProject
Project("{9A19103F-16F7-4668-BE54-9A1E7A4F7556}") = "ZMHDotNetCore.ConsoleAppRefitExample", "ZMHDotNetCore.ConsoleAppRefitExample\ZMHDotNetCore.ConsoleAppRefitExample.csproj", "{2FB2D996-5276-4AFE-98E8-8BE4D9996841}"
EndProject
Project("{9A19103F-16F7-4668-BE54-9A1E7A4F7556}") = "ZMHDotNetCore.WinFormsApp", "ZMHDotNetCore.WinFormsApp\ZMHDotNetCore.WinFormsApp.csproj", "{6FD7D32E-DE32-4D72-B538-1176F21EB6A3}"
EndProject
Project("{9A19103F-16F7-4668-BE54-9A1E7A4F7556}") = "ZMHDotNetCore.WinFormsAppSqlInjection", "ZMHDotNetCore.WinFormsAppSqlInjection\ZMHDotNetCore.WinFormsAppSqlInjection.csproj", "{1E07A66D-AFCF-47C2-99BD-FF9C28621F02}"
EndProject
Project("{9A19103F-16F7-4668-BE54-9A1E7A4F7556}") = "ZMHDotNetCore.NLayer.DataAccess", "ZMHDotNetCore.NLayer.DataAccess\ZMHDotNetCore.NLayer.DataAccess.csproj", "{15702887-C645-4BA0-8777-300AF049BB8A}"
EndProject
Project("{9A19103F-16F7-4668-BE54-9A1E7A4F7556}") = "ZMHDotNetCore.NLayer.BusinessLogic", "ZMHDotNetCore.NLayer.BusinessLogic\ZMHDotNetCore.NLayer.BusinessLogic.csproj", "{85FFCFC6-4953-49CF-8727-B3ABA35546EC}"
EndProject
Project("{9A19103F-16F7-4668-BE54-9A1E7A4F7556}") = "ZMHDotNetCore.NLayer.UI", "ZMHDotNetCore.NLayer.UI\ZMHDotNetCore.NLayer.UI.csproj", "{91312A18-F321-4A62-8DC8-C0956DDD9D7A}"
EndProject
Project("{9A19103F-16F7-4668-BE54-9A1E7A4F7556}") = "ZMHDotNetCore.MinimalAPI", "ZMHDotNetCore.MinimalAPI\ZMHDotNetCore.MinimalAPI.csproj", "{B7E5AD50-DDE9-4F81-8CBB-544BC121E147}"
EndProject
Project("{9A19103F-16F7-4668-BE54-9A1E7A4F7556}") = "ZMHDotNetCore.MvcApp", "ZMHDotNetCore.MvcApp\ZMHDotNetCore.MvcApp.csproj", "{3CF667EB-0BFA-4AE8-9713-14848FEDC296}"
EndProject
Project("{FAE04EC0-301F-11D3-BF4B-00C04F79EFBC}") = "ZMHDotNetCore.MvcApp2", "ZMHDotNetCore.MvcApp2\ZMHDotNetCore.MvcApp2.csproj", "{B4ACF7C6-B5E5-4B30-B34C-873A13FD092B}"
EndProject
Global
	GlobalSection(SolutionConfigurationPlatforms) = preSolution
		Debug|Any CPU = Debug|Any CPU
		Release|Any CPU = Release|Any CPU
	EndGlobalSection
	GlobalSection(ProjectConfigurationPlatforms) = postSolution
		{10841BC5-D7F4-4C44-A08A-D09DD89B1C35}.Debug|Any CPU.ActiveCfg = Debug|Any CPU
		{10841BC5-D7F4-4C44-A08A-D09DD89B1C35}.Debug|Any CPU.Build.0 = Debug|Any CPU
		{10841BC5-D7F4-4C44-A08A-D09DD89B1C35}.Release|Any CPU.ActiveCfg = Release|Any CPU
		{10841BC5-D7F4-4C44-A08A-D09DD89B1C35}.Release|Any CPU.Build.0 = Release|Any CPU
		{EBA252E5-1A49-4D8C-AE31-92461D3222E2}.Debug|Any CPU.ActiveCfg = Debug|Any CPU
		{EBA252E5-1A49-4D8C-AE31-92461D3222E2}.Debug|Any CPU.Build.0 = Debug|Any CPU
		{EBA252E5-1A49-4D8C-AE31-92461D3222E2}.Release|Any CPU.ActiveCfg = Release|Any CPU
		{EBA252E5-1A49-4D8C-AE31-92461D3222E2}.Release|Any CPU.Build.0 = Release|Any CPU
		{625494AE-6C7F-4EBD-BB97-4F9B91CD673A}.Debug|Any CPU.ActiveCfg = Debug|Any CPU
		{625494AE-6C7F-4EBD-BB97-4F9B91CD673A}.Debug|Any CPU.Build.0 = Debug|Any CPU
		{625494AE-6C7F-4EBD-BB97-4F9B91CD673A}.Release|Any CPU.ActiveCfg = Release|Any CPU
		{625494AE-6C7F-4EBD-BB97-4F9B91CD673A}.Release|Any CPU.Build.0 = Release|Any CPU
		{FA0EF5EF-189C-4AA2-928A-464EDC251B51}.Debug|Any CPU.ActiveCfg = Debug|Any CPU
		{FA0EF5EF-189C-4AA2-928A-464EDC251B51}.Debug|Any CPU.Build.0 = Debug|Any CPU
		{FA0EF5EF-189C-4AA2-928A-464EDC251B51}.Release|Any CPU.ActiveCfg = Release|Any CPU
		{FA0EF5EF-189C-4AA2-928A-464EDC251B51}.Release|Any CPU.Build.0 = Release|Any CPU
		{0D6289F4-65C1-4EAB-B7D6-40AEC93FA3E6}.Debug|Any CPU.ActiveCfg = Debug|Any CPU
		{0D6289F4-65C1-4EAB-B7D6-40AEC93FA3E6}.Debug|Any CPU.Build.0 = Debug|Any CPU
		{0D6289F4-65C1-4EAB-B7D6-40AEC93FA3E6}.Release|Any CPU.ActiveCfg = Release|Any CPU
		{0D6289F4-65C1-4EAB-B7D6-40AEC93FA3E6}.Release|Any CPU.Build.0 = Release|Any CPU
		{A937F036-1938-4CF0-9C1F-15029EBBD622}.Debug|Any CPU.ActiveCfg = Debug|Any CPU
		{A937F036-1938-4CF0-9C1F-15029EBBD622}.Debug|Any CPU.Build.0 = Debug|Any CPU
		{A937F036-1938-4CF0-9C1F-15029EBBD622}.Release|Any CPU.ActiveCfg = Release|Any CPU
		{A937F036-1938-4CF0-9C1F-15029EBBD622}.Release|Any CPU.Build.0 = Release|Any CPU
		{B55EEE31-3E65-4140-AF36-D13626351B1C}.Debug|Any CPU.ActiveCfg = Debug|Any CPU
		{B55EEE31-3E65-4140-AF36-D13626351B1C}.Debug|Any CPU.Build.0 = Debug|Any CPU
		{B55EEE31-3E65-4140-AF36-D13626351B1C}.Release|Any CPU.ActiveCfg = Release|Any CPU
		{B55EEE31-3E65-4140-AF36-D13626351B1C}.Release|Any CPU.Build.0 = Release|Any CPU
		{8024754E-C037-46E8-A189-07B4712B1F26}.Debug|Any CPU.ActiveCfg = Debug|Any CPU
		{8024754E-C037-46E8-A189-07B4712B1F26}.Debug|Any CPU.Build.0 = Debug|Any CPU
		{8024754E-C037-46E8-A189-07B4712B1F26}.Release|Any CPU.ActiveCfg = Release|Any CPU
		{8024754E-C037-46E8-A189-07B4712B1F26}.Release|Any CPU.Build.0 = Release|Any CPU
		{0F3FB1C4-7617-4644-8DBE-15E3333F4936}.Debug|Any CPU.ActiveCfg = Debug|Any CPU
		{0F3FB1C4-7617-4644-8DBE-15E3333F4936}.Debug|Any CPU.Build.0 = Debug|Any CPU
		{0F3FB1C4-7617-4644-8DBE-15E3333F4936}.Release|Any CPU.ActiveCfg = Release|Any CPU
		{0F3FB1C4-7617-4644-8DBE-15E3333F4936}.Release|Any CPU.Build.0 = Release|Any CPU
		{2FB2D996-5276-4AFE-98E8-8BE4D9996841}.Debug|Any CPU.ActiveCfg = Debug|Any CPU
		{2FB2D996-5276-4AFE-98E8-8BE4D9996841}.Debug|Any CPU.Build.0 = Debug|Any CPU
		{2FB2D996-5276-4AFE-98E8-8BE4D9996841}.Release|Any CPU.ActiveCfg = Release|Any CPU
		{2FB2D996-5276-4AFE-98E8-8BE4D9996841}.Release|Any CPU.Build.0 = Release|Any CPU
		{6FD7D32E-DE32-4D72-B538-1176F21EB6A3}.Debug|Any CPU.ActiveCfg = Debug|Any CPU
		{6FD7D32E-DE32-4D72-B538-1176F21EB6A3}.Debug|Any CPU.Build.0 = Debug|Any CPU
		{6FD7D32E-DE32-4D72-B538-1176F21EB6A3}.Release|Any CPU.ActiveCfg = Release|Any CPU
		{6FD7D32E-DE32-4D72-B538-1176F21EB6A3}.Release|Any CPU.Build.0 = Release|Any CPU
		{1E07A66D-AFCF-47C2-99BD-FF9C28621F02}.Debug|Any CPU.ActiveCfg = Debug|Any CPU
		{1E07A66D-AFCF-47C2-99BD-FF9C28621F02}.Debug|Any CPU.Build.0 = Debug|Any CPU
		{1E07A66D-AFCF-47C2-99BD-FF9C28621F02}.Release|Any CPU.ActiveCfg = Release|Any CPU
		{1E07A66D-AFCF-47C2-99BD-FF9C28621F02}.Release|Any CPU.Build.0 = Release|Any CPU
		{15702887-C645-4BA0-8777-300AF049BB8A}.Debug|Any CPU.ActiveCfg = Debug|Any CPU
		{15702887-C645-4BA0-8777-300AF049BB8A}.Debug|Any CPU.Build.0 = Debug|Any CPU
		{15702887-C645-4BA0-8777-300AF049BB8A}.Release|Any CPU.ActiveCfg = Release|Any CPU
		{15702887-C645-4BA0-8777-300AF049BB8A}.Release|Any CPU.Build.0 = Release|Any CPU
		{85FFCFC6-4953-49CF-8727-B3ABA35546EC}.Debug|Any CPU.ActiveCfg = Debug|Any CPU
		{85FFCFC6-4953-49CF-8727-B3ABA35546EC}.Debug|Any CPU.Build.0 = Debug|Any CPU
		{85FFCFC6-4953-49CF-8727-B3ABA35546EC}.Release|Any CPU.ActiveCfg = Release|Any CPU
		{85FFCFC6-4953-49CF-8727-B3ABA35546EC}.Release|Any CPU.Build.0 = Release|Any CPU
		{91312A18-F321-4A62-8DC8-C0956DDD9D7A}.Debug|Any CPU.ActiveCfg = Debug|Any CPU
		{91312A18-F321-4A62-8DC8-C0956DDD9D7A}.Debug|Any CPU.Build.0 = Debug|Any CPU
		{91312A18-F321-4A62-8DC8-C0956DDD9D7A}.Release|Any CPU.ActiveCfg = Release|Any CPU
		{91312A18-F321-4A62-8DC8-C0956DDD9D7A}.Release|Any CPU.Build.0 = Release|Any CPU
		{B7E5AD50-DDE9-4F81-8CBB-544BC121E147}.Debug|Any CPU.ActiveCfg = Debug|Any CPU
		{B7E5AD50-DDE9-4F81-8CBB-544BC121E147}.Debug|Any CPU.Build.0 = Debug|Any CPU
		{B7E5AD50-DDE9-4F81-8CBB-544BC121E147}.Release|Any CPU.ActiveCfg = Release|Any CPU
		{B7E5AD50-DDE9-4F81-8CBB-544BC121E147}.Release|Any CPU.Build.0 = Release|Any CPU
		{3CF667EB-0BFA-4AE8-9713-14848FEDC296}.Debug|Any CPU.ActiveCfg = Debug|Any CPU
		{3CF667EB-0BFA-4AE8-9713-14848FEDC296}.Debug|Any CPU.Build.0 = Debug|Any CPU
		{3CF667EB-0BFA-4AE8-9713-14848FEDC296}.Release|Any CPU.ActiveCfg = Release|Any CPU
		{3CF667EB-0BFA-4AE8-9713-14848FEDC296}.Release|Any CPU.Build.0 = Release|Any CPU
		{B4ACF7C6-B5E5-4B30-B34C-873A13FD092B}.Debug|Any CPU.ActiveCfg = Debug|Any CPU
		{B4ACF7C6-B5E5-4B30-B34C-873A13FD092B}.Debug|Any CPU.Build.0 = Debug|Any CPU
		{B4ACF7C6-B5E5-4B30-B34C-873A13FD092B}.Release|Any CPU.ActiveCfg = Release|Any CPU
		{B4ACF7C6-B5E5-4B30-B34C-873A13FD092B}.Release|Any CPU.Build.0 = Release|Any CPU
	EndGlobalSection
	GlobalSection(SolutionProperties) = preSolution
		HideSolutionNode = FALSE
	EndGlobalSection
	GlobalSection(ExtensibilityGlobals) = postSolution
		SolutionGuid = {858B8B6A-605C-4140-A3E3-4D7CEE519965}
	EndGlobalSection
EndGlobal
